
Microsoft Visual Studio Solution File, Format Version 12.00
# Visual Studio 14
VisualStudioVersion = 14.0.25420.1
MinimumVisualStudioVersion = 10.0.40219.1
Project("{FAE04EC0-301F-11D3-BF4B-00C04F79EFBC}") = "SportsStore.Domain", "SportsStore.Domain\SportsStore.Domain.csproj", "{0BF4FA85-44AB-40CE-8069-7D6D3223162F}"
EndProject
Project("{FAE04EC0-301F-11D3-BF4B-00C04F79EFBC}") = "SportsStore.WebUI", "SportsStore.WebUI\SportsStore.WebUI.csproj", "{266DD8F1-E2AC-45B4-8BB8-0F41B1E9B67E}"
EndProject
Project("{FAE04EC0-301F-11D3-BF4B-00C04F79EFBC}") = "SportsStore.UnitTests", "SportsStore.UnitTests\SportsStore.UnitTests.csproj", "{7253CC64-3806-4AC4-B27F-F85FC991966C}"
EndProject
Global
	GlobalSection(SolutionConfigurationPlatforms) = preSolution
		Debug|Any CPU = Debug|Any CPU
		Release|Any CPU = Release|Any CPU
	EndGlobalSection
	GlobalSection(ProjectConfigurationPlatforms) = postSolution
		{0BF4FA85-44AB-40CE-8069-7D6D3223162F}.Debug|Any CPU.ActiveCfg = Debug|Any CPU
		{0BF4FA85-44AB-40CE-8069-7D6D3223162F}.Debug|Any CPU.Build.0 = Debug|Any CPU
		{0BF4FA85-44AB-40CE-8069-7D6D3223162F}.Release|Any CPU.ActiveCfg = Release|Any CPU
		{0BF4FA85-44AB-40CE-8069-7D6D3223162F}.Release|Any CPU.Build.0 = Release|Any CPU
		{266DD8F1-E2AC-45B4-8BB8-0F41B1E9B67E}.Debug|Any CPU.ActiveCfg = Debug|Any CPU
		{266DD8F1-E2AC-45B4-8BB8-0F41B1E9B67E}.Debug|Any CPU.Build.0 = Debug|Any CPU
		{266DD8F1-E2AC-45B4-8BB8-0F41B1E9B67E}.Release|Any CPU.ActiveCfg = Release|Any CPU
		{266DD8F1-E2AC-45B4-8BB8-0F41B1E9B67E}.Release|Any CPU.Build.0 = Release|Any CPU
		{7253CC64-3806-4AC4-B27F-F85FC991966C}.Debug|Any CPU.ActiveCfg = Debug|Any CPU
		{7253CC64-3806-4AC4-B27F-F85FC991966C}.Debug|Any CPU.Build.0 = Debug|Any CPU
		{7253CC64-3806-4AC4-B27F-F85FC991966C}.Release|Any CPU.ActiveCfg = Release|Any CPU
		{7253CC64-3806-4AC4-B27F-F85FC991966C}.Release|Any CPU.Build.0 = Release|Any CPU
	EndGlobalSection
	GlobalSection(SolutionProperties) = preSolution
		HideSolutionNode = FALSE
	EndGlobalSection
EndGlobal
